// !$*UTF8*$!
{
	archiveVersion = 1;
	classes = {
	};
	objectVersion = 50;
	objects = {

/* Begin PBXBuildFile section */
		37B1138620F2BDA8008296FC /* AppDelegate.swift in Sources */ = {isa = PBXBuildFile; fileRef = 37B1138520F2BDA8008296FC /* AppDelegate.swift */; };
		37B1138820F2BDA8008296FC /* GameScene.sks in Resources */ = {isa = PBXBuildFile; fileRef = 37B1138720F2BDA8008296FC /* GameScene.sks */; };
		37B1138A20F2BDA8008296FC /* Actions.sks in Resources */ = {isa = PBXBuildFile; fileRef = 37B1138920F2BDA8008296FC /* Actions.sks */; };
		37B1138C20F2BDA8008296FC /* GameScene.swift in Sources */ = {isa = PBXBuildFile; fileRef = 37B1138B20F2BDA8008296FC /* GameScene.swift */; };
		37B1138E20F2BDA8008296FC /* GameViewController.swift in Sources */ = {isa = PBXBuildFile; fileRef = 37B1138D20F2BDA8008296FC /* GameViewController.swift */; };
		37B1139120F2BDA8008296FC /* Main.storyboard in Resources */ = {isa = PBXBuildFile; fileRef = 37B1138F20F2BDA8008296FC /* Main.storyboard */; };
		37B1139320F2BDAB008296FC /* Assets.xcassets in Resources */ = {isa = PBXBuildFile; fileRef = 37B1139220F2BDAB008296FC /* Assets.xcassets */; };
		37B1139620F2BDAB008296FC /* LaunchScreen.storyboard in Resources */ = {isa = PBXBuildFile; fileRef = 37B1139420F2BDAB008296FC /* LaunchScreen.storyboard */; };
/* End PBXBuildFile section */

/* Begin PBXFileReference section */
		37B1138220F2BDA8008296FC /* dive.app */ = {isa = PBXFileReference; explicitFileType = wrapper.application; includeInIndex = 0; path = dive.app; sourceTree = BUILT_PRODUCTS_DIR; };
		37B1138520F2BDA8008296FC /* AppDelegate.swift */ = {isa = PBXFileReference; lastKnownFileType = sourcecode.swift; path = AppDelegate.swift; sourceTree = "<group>"; };
		37B1138720F2BDA8008296FC /* GameScene.sks */ = {isa = PBXFileReference; lastKnownFileType = file.sks; path = GameScene.sks; sourceTree = "<group>"; };
		37B1138920F2BDA8008296FC /* Actions.sks */ = {isa = PBXFileReference; lastKnownFileType = file.sks; path = Actions.sks; sourceTree = "<group>"; };
		37B1138B20F2BDA8008296FC /* GameScene.swift */ = {isa = PBXFileReference; lastKnownFileType = sourcecode.swift; path = GameScene.swift; sourceTree = "<group>"; };
		37B1138D20F2BDA8008296FC /* GameViewController.swift */ = {isa = PBXFileReference; lastKnownFileType = sourcecode.swift; path = GameViewController.swift; sourceTree = "<group>"; };
		37B1139020F2BDA8008296FC /* Base */ = {isa = PBXFileReference; lastKnownFileType = file.storyboard; name = Base; path = Base.lproj/Main.storyboard; sourceTree = "<group>"; };
		37B1139220F2BDAB008296FC /* Assets.xcassets */ = {isa = PBXFileReference; lastKnownFileType = folder.assetcatalog; path = Assets.xcassets; sourceTree = "<group>"; };
		37B1139520F2BDAB008296FC /* Base */ = {isa = PBXFileReference; lastKnownFileType = file.storyboard; name = Base; path = Base.lproj/LaunchScreen.storyboard; sourceTree = "<group>"; };
		37B1139720F2BDAB008296FC /* Info.plist */ = {isa = PBXFileReference; lastKnownFileType = text.plist.xml; path = Info.plist; sourceTree = "<group>"; };
/* End PBXFileReference section */

/* Begin PBXFrameworksBuildPhase section */
		37B1137F20F2BDA8008296FC /* Frameworks */ = {
			isa = PBXFrameworksBuildPhase;
			buildActionMask = 2147483647;
			files = (
			);
			runOnlyForDeploymentPostprocessing = 0;
		};
/* End PBXFrameworksBuildPhase section */

/* Begin PBXGroup section */
		37B1137920F2BDA8008296FC = {
			isa = PBXGroup;
			children = (
				37B1138420F2BDA8008296FC /* dive */,
				37B1138320F2BDA8008296FC /* Products */,
			);
			sourceTree = "<group>";
		};
		37B1138320F2BDA8008296FC /* Products */ = {
			isa = PBXGroup;
			children = (
				37B1138220F2BDA8008296FC /* dive.app */,
			);
			name = Products;
			sourceTree = "<group>";
		};
		37B1138420F2BDA8008296FC /* dive */ = {
			isa = PBXGroup;
			children = (
				37B1138520F2BDA8008296FC /* AppDelegate.swift */,
				37B1138720F2BDA8008296FC /* GameScene.sks */,
				37B1138920F2BDA8008296FC /* Actions.sks */,
				37B1138B20F2BDA8008296FC /* GameScene.swift */,
				37B1138D20F2BDA8008296FC /* GameViewController.swift */,
				37B1138F20F2BDA8008296FC /* Main.storyboard */,
				37B1139220F2BDAB008296FC /* Assets.xcassets */,
				37B1139420F2BDAB008296FC /* LaunchScreen.storyboard */,
				37B1139720F2BDAB008296FC /* Info.plist */,
			);
			path = dive;
			sourceTree = "<group>";
		};
/* End PBXGroup section */

/* Begin PBXNativeTarget section */
		37B1138120F2BDA8008296FC /* dive */ = {
			isa = PBXNativeTarget;
			buildConfigurationList = 37B1139A20F2BDAB008296FC /* Build configuration list for PBXNativeTarget "dive" */;
			buildPhases = (
				37B1137E20F2BDA8008296FC /* Sources */,
				37B1137F20F2BDA8008296FC /* Frameworks */,
				37B1138020F2BDA8008296FC /* Resources */,
			);
			buildRules = (
			);
			dependencies = (
			);
			name = dive;
			productName = dive;
			productReference = 37B1138220F2BDA8008296FC /* dive.app */;
			productType = "com.apple.product-type.application";
		};
/* End PBXNativeTarget section */

/* Begin PBXProject section */
		37B1137A20F2BDA8008296FC /* Project object */ = {
			isa = PBXProject;
			attributes = {
				LastSwiftUpdateCheck = 0940;
				LastUpgradeCheck = 0940;
				ORGANIZATIONNAME = "Dumb Cheap Games";
				TargetAttributes = {
					37B1138120F2BDA8008296FC = {
						CreatedOnToolsVersion = 9.4;
					};
				};
			};
			buildConfigurationList = 37B1137D20F2BDA8008296FC /* Build configuration list for PBXProject "dive" */;
			compatibilityVersion = "Xcode 9.3";
			developmentRegion = en;
			hasScannedForEncodings = 0;
			knownRegions = (
				en,
				Base,
			);
			mainGroup = 37B1137920F2BDA8008296FC;
			productRefGroup = 37B1138320F2BDA8008296FC /* Products */;
			projectDirPath = "";
			projectRoot = "";
			targets = (
				37B1138120F2BDA8008296FC /* dive */,
			);
		};
/* End PBXProject section */

/* Begin PBXResourcesBuildPhase section */
		37B1138020F2BDA8008296FC /* Resources */ = {
			isa = PBXResourcesBuildPhase;
			buildActionMask = 2147483647;
			files = (
				37B1139120F2BDA8008296FC /* Main.storyboard in Resources */,
				37B1138820F2BDA8008296FC /* GameScene.sks in Resources */,
				37B1139320F2BDAB008296FC /* Assets.xcassets in Resources */,
				37B1139620F2BDAB008296FC /* LaunchScreen.storyboard in Resources */,
				37B1138A20F2BDA8008296FC /* Actions.sks in Resources */,
			);
			runOnlyForDeploymentPostprocessing = 0;
		};
/* End PBXResourcesBuildPhase section */

/* Begin PBXSourcesBuildPhase section */
		37B1137E20F2BDA8008296FC /* Sources */ = {
			isa = PBXSourcesBuildPhase;
			buildActionMask = 2147483647;
			files = (
				37B1138C20F2BDA8008296FC /* GameScene.swift in Sources */,
				37B1138E20F2BDA8008296FC /* GameViewController.swift in Sources */,
				37B1138620F2BDA8008296FC /* AppDelegate.swift in Sources */,
			);
			runOnlyForDeploymentPostprocessing = 0;
		};
/* End PBXSourcesBuildPhase section */

/* Begin PBXVariantGroup section */
		37B1138F20F2BDA8008296FC /* Main.storyboard */ = {
			isa = PBXVariantGroup;
			children = (
				37B1139020F2BDA8008296FC /* Base */,
			);
			name = Main.storyboard;
			sourceTree = "<group>";
		};
		37B1139420F2BDAB008296FC /* LaunchScreen.storyboard */ = {
			isa = PBXVariantGroup;
			children = (
				37B1139520F2BDAB008296FC /* Base */,
			);
			name = LaunchScreen.storyboard;
			sourceTree = "<group>";
		};
/* End PBXVariantGroup section */

/* Begin XCBuildConfiguration section */
		37B1139820F2BDAB008296FC /* Debug */ = {
			isa = XCBuildConfiguration;
			buildSettings = {
				ALWAYS_SEARCH_USER_PATHS = NO;
				CLANG_ANALYZER_NONNULL = YES;
				CLANG_ANALYZER_NUMBER_OBJECT_CONVERSION = YES_AGGRESSIVE;
				CLANG_CXX_LANGUAGE_STANDARD = "gnu++14";
				CLANG_CXX_LIBRARY = "libc++";
				CLANG_ENABLE_MODULES = YES;
				CLANG_ENABLE_OBJC_ARC = YES;
				CLANG_ENABLE_OBJC_WEAK = YES;
				CLANG_WARN_BLOCK_CAPTURE_AUTORELEASING = YES;
				CLANG_WARN_BOOL_CONVERSION = YES;
				CLANG_WARN_COMMA = YES;
				CLANG_WARN_CONSTANT_CONVERSION = YES;
				CLANG_WARN_DEPRECATED_OBJC_IMPLEMENTATIONS = YES;
				CLANG_WARN_DIRECT_OBJC_ISA_USAGE = YES_ERROR;
				CLANG_WARN_DOCUMENTATION_COMMENTS = YES;
				CLANG_WARN_EMPTY_BODY = YES;
				CLANG_WARN_ENUM_CONVERSION = YES;
				CLANG_WARN_INFINITE_RECURSION = YES;
				CLANG_WARN_INT_CONVERSION = YES;
				CLANG_WARN_NON_LITERAL_NULL_CONVERSION = YES;
				CLANG_WARN_OBJC_IMPLICIT_RETAIN_SELF = YES;
				CLANG_WARN_OBJC_LITERAL_CONVERSION = YES;
				CLANG_WARN_OBJC_ROOT_CLASS = YES_ERROR;
				CLANG_WARN_RANGE_LOOP_ANALYSIS = YES;
				CLANG_WARN_STRICT_PROTOTYPES = YES;
				CLANG_WARN_SUSPICIOUS_MOVE = YES;
				CLANG_WARN_UNGUARDED_AVAILABILITY = YES_AGGRESSIVE;
				CLANG_WARN_UNREACHABLE_CODE = YES;
				CLANG_WARN__DUPLICATE_METHOD_MATCH = YES;
				CODE_SIGN_IDENTITY = "iPhone Developer";
				COPY_PHASE_STRIP = NO;
				DEBUG_INFORMATION_FORMAT = dwarf;
				ENABLE_STRICT_OBJC_MSGSEND = YES;
				ENABLE_TESTABILITY = YES;
				GCC_C_LANGUAGE_STANDARD = gnu11;
				GCC_DYNAMIC_NO_PIC = NO;
				GCC_NO_COMMON_BLOCKS = YES;
				GCC_OPTIMIZATION_LEVEL = 0;
				GCC_PREPROCESSOR_DEFINITIONS = (
					"DEBUG=1",
					"$(inherited)",
				);
				GCC_WARN_64_TO_32_BIT_CONVERSION = YES;
				GCC_WARN_ABOUT_RETURN_TYPE = YES_ERROR;
				GCC_WARN_UNDECLARED_SELECTOR = YES;
				GCC_WARN_UNINITIALIZED_AUTOS = YES_AGGRESSIVE;
				GCC_WARN_UNUSED_FUNCTION = YES;
				GCC_WARN_UNUSED_VARIABLE = YES;
				IPHONEOS_DEPLOYMENT_TARGET = 11.4;
				MTL_ENABLE_DEBUG_INFO = YES;
				ONLY_ACTIVE_ARCH = YES;
				SDKROOT = iphoneos;
				SWIFT_ACTIVE_COMPILATION_CONDITIONS = DEBUG;
				SWIFT_OPTIMIZATION_LEVEL = "-Onone";
			};
			name = Debug;
		};
		37B1139920F2BDAB008296FC /* Release */ = {
			isa = XCBuildConfiguration;
			buildSettings = {
				ALWAYS_SEARCH_USER_PATHS = NO;
				CLANG_ANALYZER_NONNULL = YES;
				CLANG_ANALYZER_NUMBER_OBJECT_CONVERSION = YES_AGGRESSIVE;
				CLANG_CXX_LANGUAGE_STANDARD = "gnu++14";
				CLANG_CXX_LIBRARY = "libc++";
				CLANG_ENABLE_MODULES = YES;
				CLANG_ENABLE_OBJC_ARC = YES;
				CLANG_ENABLE_OBJC_WEAK = YES;
				CLANG_WARN_BLOCK_CAPTURE_AUTORELEASING = YES;
				CLANG_WARN_BOOL_CONVERSION = YES;
				CLANG_WARN_COMMA = YES;
				CLANG_WARN_CONSTANT_CONVERSION = YES;
				CLANG_WARN_DEPRECATED_OBJC_IMPLEMENTATIONS = YES;
				CLANG_WARN_DIRECT_OBJC_ISA_USAGE = YES_ERROR;
				CLANG_WARN_DOCUMENTATION_COMMENTS = YES;
				CLANG_WARN_EMPTY_BODY = YES;
				CLANG_WARN_ENUM_CONVERSION = YES;
				CLANG_WARN_INFINITE_RECURSION = YES;
				CLANG_WARN_INT_CONVERSION = YES;
				CLANG_WARN_NON_LITERAL_NULL_CONVERSION = YES;
				CLANG_WARN_OBJC_IMPLICIT_RETAIN_SELF = YES;
				CLANG_WARN_OBJC_LITERAL_CONVERSION = YES;
				CLANG_WARN_OBJC_ROOT_CLASS = YES_ERROR;
				CLANG_WARN_RANGE_LOOP_ANALYSIS = YES;
				CLANG_WARN_STRICT_PROTOTYPES = YES;
				CLANG_WARN_SUSPICIOUS_MOVE = YES;
				CLANG_WARN_UNGUARDED_AVAILABILITY = YES_AGGRESSIVE;
				CLANG_WARN_UNREACHABLE_CODE = YES;
				CLANG_WARN__DUPLICATE_METHOD_MATCH = YES;
				CODE_SIGN_IDENTITY = "iPhone Developer";
				COPY_PHASE_STRIP = NO;
				DEBUG_INFORMATION_FORMAT = "dwarf-with-dsym";
				ENABLE_NS_ASSERTIONS = NO;
				ENABLE_STRICT_OBJC_MSGSEND = YES;
				GCC_C_LANGUAGE_STANDARD = gnu11;
				GCC_NO_COMMON_BLOCKS = YES;
				GCC_WARN_64_TO_32_BIT_CONVERSION = YES;
				GCC_WARN_ABOUT_RETURN_TYPE = YES_ERROR;
				GCC_WARN_UNDECLARED_SELECTOR = YES;
				GCC_WARN_UNINITIALIZED_AUTOS = YES_AGGRESSIVE;
				GCC_WARN_UNUSED_FUNCTION = YES;
				GCC_WARN_UNUSED_VARIABLE = YES;
				IPHONEOS_DEPLOYMENT_TARGET = 11.4;
				MTL_ENABLE_DEBUG_INFO = NO;
				SDKROOT = iphoneos;
				SWIFT_COMPILATION_MODE = wholemodule;
				SWIFT_OPTIMIZATION_LEVEL = "-O";
				VALIDATE_PRODUCT = YES;
			};
			name = Release;
		};
		37B1139B20F2BDAB008296FC /* Debug */ = {
			isa = XCBuildConfiguration;
			buildSettings = {
				ASSETCATALOG_COMPILER_APPICON_NAME = AppIcon;
				CODE_SIGN_STYLE = Automatic;
				DEVELOPMENT_TEAM = A57MP7ZS84;
				INFOPLIST_FILE = dive/Info.plist;
				LD_RUNPATH_SEARCH_PATHS = (
					"$(inherited)",
					"@executable_path/Frameworks",
				);
				PRODUCT_BUNDLE_IDENTIFIER = com.GG.dive;
				PRODUCT_NAME = "$(TARGET_NAME)";
				SWIFT_VERSION = 4.0;
				TARGETED_DEVICE_FAMILY = "1,2";
			};
			name = Debug;
		};
		37B1139C20F2BDAB008296FC /* Release */ = {
			isa = XCBuildConfiguration;
			buildSettings = {
				ASSETCATALOG_COMPILER_APPICON_NAME = AppIcon;
				CODE_SIGN_STYLE = Automatic;
				DEVELOPMENT_TEAM = A57MP7ZS84;
				INFOPLIST_FILE = dive/Info.plist;
				LD_RUNPATH_SEARCH_PATHS = (
					"$(inherited)",
					"@executable_path/Frameworks",
				);
				PRODUCT_BUNDLE_IDENTIFIER = com.GG.dive;
				PRODUCT_NAME = "$(TARGET_NAME)";
				SWIFT_VERSION = 4.0;
				TARGETED_DEVICE_FAMILY = "1,2";
			};
			name = Release;
		};
/* End XCBuildConfiguration section */

/* Begin XCConfigurationList section */
		37B1137D20F2BDA8008296FC /* Build configuration list for PBXProject "dive" */ = {
			isa = XCConfigurationList;
			buildConfigurations = (
				37B1139820F2BDAB008296FC /* Debug */,
				37B1139920F2BDAB008296FC /* Release */,
			);
			defaultConfigurationIsVisible = 0;
			defaultConfigurationName = Release;
		};
		37B1139A20F2BDAB008296FC /* Build configuration list for PBXNativeTarget "dive" */ = {
			isa = XCConfigurationList;
			buildConfigurations = (
				37B1139B20F2BDAB008296FC /* Debug */,
				37B1139C20F2BDAB008296FC /* Release */,
			);
			defaultConfigurationIsVisible = 0;
			defaultConfigurationName = Release;
		};
/* End XCConfigurationList section */
	};
	rootObject = 37B1137A20F2BDA8008296FC /* Project object */;
}
